
Microsoft Visual Studio Solution File, Format Version 12.00
# Visual Studio 15
VisualStudioVersion = 15.0.35319.79
MinimumVisualStudioVersion = 10.0.40219.1
Project("{8BC9CEB8-8B4A-11D0-8D11-00A0C91BC942}") = "BingWallpapers", "ImmExtenTemplate.vcxproj", "{A8E9332B-BB86-470F-B72B-6A8B3359DF68}"
EndProject
Global
	GlobalSection(SolutionConfigurationPlatforms) = preSolution
		Optimized|ARM = Optimized|ARM
		Optimized|ARM64 = Optimized|ARM64
		Optimized|x64 = Optimized|x64
		Optimized|x86 = Optimized|x86
	EndGlobalSection
	GlobalSection(ProjectConfigurationPlatforms) = postSolution
		{A8E9332B-BB86-470F-B72B-6A8B3359DF68}.Optimized|ARM.ActiveCfg = Optimized|ARM
		{A8E9332B-BB86-470F-B72B-6A8B3359DF68}.Optimized|ARM.Build.0 = Optimized|ARM
		{A8E9332B-BB86-470F-B72B-6A8B3359DF68}.Optimized|ARM64.ActiveCfg = Optimized|ARM64
		{A8E9332B-BB86-470F-B72B-6A8B3359DF68}.Optimized|ARM64.Build.0 = Optimized|ARM64
		{A8E9332B-BB86-470F-B72B-6A8B3359DF68}.Optimized|x64.ActiveCfg = Optimized|x64
		{A8E9332B-BB86-470F-B72B-6A8B3359DF68}.Optimized|x64.Build.0 = Optimized|x64
		{A8E9332B-BB86-470F-B72B-6A8B3359DF68}.Optimized|x86.ActiveCfg = Optimized|Win32
		{A8E9332B-BB86-470F-B72B-6A8B3359DF68}.Optimized|x86.Build.0 = Optimized|Win32
	EndGlobalSection
	GlobalSection(SolutionProperties) = preSolution
		HideSolutionNode = FALSE
	EndGlobalSection
	GlobalSection(ExtensibilityGlobals) = postSolution
		SolutionGuid = {D2F727A7-4848-4825-8F59-98A1C134C775}
	EndGlobalSection
EndGlobal
